{
    "version": 3,
    "terraform_version": "0.10.6",
    "serial": 18,
    "lineage": "d9605bb1-1deb-424b-95c6-86802f22c96c",
    "modules": [
        {
            "path": [
                "root"
            ],
            "outputs": {
                "APP1 SSH": {
                    "sensitive": false,
                    "type": "string",
                    "value": "ssh -A ec2-user@ip-172-26-8-7.ec2.internal"
                },
                "APP2 SSH": {
                    "sensitive": false,
                    "type": "string",
                    "value": "ssh -A ec2-user@ip-172-26-8-43.ec2.internal"
                },
                "AWS INFO": {
                    "sensitive": false,
                    "type": "string",
                    "value": "\u003e\u003e\u003e\u003e\u003e\u003e\u003e\u003e\u003e\u003e\u003e\u003e\u003e\u003e\u003e\u003e\u003e\u003e PROD: electron \u003c\u003c\u003c\u003c\u003c\u003c\u003c\u003c\u003c\u003c\u003c\u003c\u003c\u003c\u003c\u003c\u003c\u003c"
                },
                "Bastion SSH": {
                    "sensitive": false,
                    "type": "string",
                    "value": "ssh -A ubuntu@ec2-54-164-175-131.compute-1.amazonaws.com"
                },
                "VPC ID ": {
                    "sensitive": false,
                    "type": "string",
                    "value": "vpc-bde148c5"
                },
                "dbendpoint": {
                    "sensitive": false,
                    "type": "string",
                    "value": "soroco.cuarcbys99jv.us-east-1.rds.amazonaws.com:5432"
                }
            },
            "resources": {
                "aws_db_instance.postgresql": {
                    "type": "aws_db_instance",
                    "depends_on": [
                        "aws_db_parameter_group.postgres_pg",
                        "aws_db_subnet_group.postgre_sg",
                        "aws_security_group.sg_postgresql"
                    ],
                    "primary": {
                        "id": "soroco",
                        "attributes": {
                            "address": "soroco.cuarcbys99jv.us-east-1.rds.amazonaws.com",
                            "allocated_storage": "200",
                            "arn": "arn:aws:rds:us-east-1:215268188550:db:soroco",
                            "auto_minor_version_upgrade": "true",
                            "availability_zone": "us-east-1b",
                            "backup_retention_period": "7",
                            "backup_window": "21:30-22:00",
                            "ca_cert_identifier": "rds-ca-2015",
                            "copy_tags_to_snapshot": "false",
                            "db_subnet_group_name": "postgresmainsg",
                            "endpoint": "soroco.cuarcbys99jv.us-east-1.rds.amazonaws.com:5432",
                            "engine": "postgres",
                            "engine_version": "9.6.3",
                            "final_snapshot_identifier": "terraform-aws-postgresql-rds-snapshot",
                            "hosted_zone_id": "Z2R2ITUGPM61AM",
                            "iam_database_authentication_enabled": "false",
                            "id": "soroco",
                            "identifier": "soroco",
                            "instance_class": "db.m4.2xlarge",
                            "iops": "0",
                            "kms_key_id": "",
                            "license_model": "postgresql-license",
                            "maintenance_window": "sun:19:00-sun:19:30",
                            "monitoring_interval": "0",
                            "multi_az": "true",
                            "name": "soroco",
                            "option_group_name": "default:postgres-9-6",
                            "parameter_group_name": "postgres-pg",
                            "password": "$0r0c0$7orm",
                            "port": "5432",
                            "publicly_accessible": "false",
                            "replicas.#": "0",
                            "replicate_source_db": "",
                            "resource_id": "db-5M37I2TSRY7JH7IGV3YCPJNVJE",
                            "security_group_names.#": "0",
                            "skip_final_snapshot": "true",
                            "status": "available",
                            "storage_encrypted": "false",
                            "storage_type": "gp2",
                            "tags.%": "3",
                            "tags.Environment": "PROD",
                            "tags.Name": "SOROCO-postgresql",
                            "tags.Project": "SOROCO",
                            "timezone": "",
                            "username": "soroco",
                            "vpc_security_group_ids.#": "1",
                            "vpc_security_group_ids.2458145855": "sg-dea684ac"
                        },
                        "meta": {
                            "e2bfb730-ecaa-11e6-8f88-34363bc7c4c0": {
                                "create": 2400000000000,
                                "delete": 2400000000000,
                                "update": 4800000000000
                            }
                        },
                        "tainted": false
                    },
                    "deposed": [],
                    "provider": ""
                },
                "aws_db_parameter_group.postgres_pg": {
                    "type": "aws_db_parameter_group",
                    "depends_on": [],
                    "primary": {
                        "id": "postgres-pg",
                        "attributes": {
                            "arn": "arn:aws:rds:us-east-1:215268188550:pg:postgres-pg",
                            "description": "postgres-pg9.6",
                            "family": "postgres9.6",
                            "id": "postgres-pg",
                            "name": "postgres-pg",
                            "parameter.#": "0",
                            "tags.%": "0"
                        },
                        "meta": {},
                        "tainted": false
                    },
                    "deposed": [],
                    "provider": ""
                },
                "aws_db_subnet_group.postgre_sg": {
                    "type": "aws_db_subnet_group",
                    "depends_on": [
                        "aws_subnet.subnet_private_postgresql1",
                        "aws_subnet.subnet_private_postgresql2"
                    ],
                    "primary": {
                        "id": "postgresmainsg",
                        "attributes": {
                            "arn": "arn:aws:rds:us-east-1:215268188550:subgrp:postgresmainsg",
                            "description": "Managed by Terraform",
                            "id": "postgresmainsg",
                            "name": "postgresmainsg",
                            "subnet_ids.#": "2",
                            "subnet_ids.3538063580": "subnet-bc50e0f7",
                            "subnet_ids.526617304": "subnet-3129c26c",
                            "tags.%": "1",
                            "tags.Name": "soroco-pg-subnetgroup"
                        },
                        "meta": {},
                        "tainted": false
                    },
                    "deposed": [],
                    "provider": ""
                },
                "aws_eip.elastic_ip_bastion_host": {
                    "type": "aws_eip",
                    "depends_on": [],
                    "primary": {
                        "id": "eipalloc-b92f7e8c",
                        "attributes": {
                            "association_id": "",
                            "domain": "vpc",
                            "id": "eipalloc-b92f7e8c",
                            "instance": "",
                            "network_interface": "",
                            "private_ip": "",
                            "public_ip": "34.228.101.166",
                            "vpc": "true"
                        },
                        "meta": {},
                        "tainted": false
                    },
                    "deposed": [],
                    "provider": ""
                },
                "aws_eip.elastic_ip_nat_gw": {
                    "type": "aws_eip",
                    "depends_on": [],
                    "primary": {
                        "id": "eipalloc-31510004",
                        "attributes": {
                            "association_id": "",
                            "domain": "vpc",
                            "id": "eipalloc-31510004",
                            "instance": "",
                            "network_interface": "",
                            "private_ip": "",
                            "public_ip": "34.224.34.87",
                            "vpc": "true"
                        },
                        "meta": {},
                        "tainted": false
                    },
                    "deposed": [],
                    "provider": ""
                },
                "aws_eip_association.eip_assoc": {
                    "type": "aws_eip_association",
                    "depends_on": [
                        "aws_eip.elastic_ip_bastion_host",
                        "aws_instance.ec2_bastion"
                    ],
                    "primary": {
                        "id": "eipassoc-c146adf7",
                        "attributes": {
                            "allocation_id": "eipalloc-b92f7e8c",
                            "id": "eipassoc-c146adf7",
                            "instance_id": "i-013d126ad485a62c9",
                            "network_interface_id": "eni-8d289f3d",
                            "private_ip_address": "172.26.8.139",
                            "public_ip": "34.228.101.166"
                        },
                        "meta": {},
                        "tainted": false
                    },
                    "deposed": [],
                    "provider": ""
                },
                "aws_iam_instance_profile.default_iam_instance_profile": {
                    "type": "aws_iam_instance_profile",
                    "depends_on": [
                        "aws_iam_role.default_instance_role"
                    ],
                    "primary": {
                        "id": "SOROCO_default_iam_instance_profile_us-east-1",
                        "attributes": {
                            "arn": "arn:aws:iam::215268188550:instance-profile/SOROCO_default_iam_instance_profile_us-east-1",
                            "id": "SOROCO_default_iam_instance_profile_us-east-1",
                            "name": "SOROCO_default_iam_instance_profile_us-east-1",
                            "path": "/",
                            "role": "SOROCO_default_instance_role",
                            "roles.#": "0",
                            "unique_id": "AIPAJ5R6XFNK4LY52VCYA"
                        },
                        "meta": {},
                        "tainted": false
                    },
                    "deposed": [],
                    "provider": ""
                },
                "aws_iam_role.default_instance_role": {
                    "type": "aws_iam_role",
                    "depends_on": [],
                    "primary": {
                        "id": "SOROCO_default_instance_role",
                        "attributes": {
                            "arn": "arn:aws:iam::215268188550:role/SOROCO_default_instance_role",
                            "assume_role_policy": "{\"Version\":\"2012-10-17\",\"Statement\":[{\"Sid\":\"\",\"Effect\":\"Allow\",\"Principal\":{\"Service\":\"ec2.amazonaws.com\"},\"Action\":\"sts:AssumeRole\"}]}",
                            "create_date": "2017-11-01T10:18:30Z",
                            "force_detach_policies": "false",
                            "id": "SOROCO_default_instance_role",
                            "name": "SOROCO_default_instance_role",
                            "path": "/",
                            "unique_id": "AROAINGWFN36YTD2OJFH6"
                        },
                        "meta": {},
                        "tainted": false
                    },
                    "deposed": [],
                    "provider": ""
                },
                "aws_instance.ec2_app1": {
                    "type": "aws_instance",
                    "depends_on": [
                        "aws_iam_instance_profile.default_iam_instance_profile",
                        "aws_security_group.sg_application",
                        "aws_subnet.subnet_private_application1"
                    ],
                    "primary": {
                        "id": "i-043906d5400b19b79",
                        "attributes": {
                            "ami": "ami-c998b6b2",
                            "associate_public_ip_address": "false",
                            "availability_zone": "us-east-1a",
                            "disable_api_termination": "false",
                            "ebs_block_device.#": "0",
                            "ebs_optimized": "false",
                            "ephemeral_block_device.#": "0",
                            "iam_instance_profile": "SOROCO_default_iam_instance_profile_us-east-1",
                            "id": "i-043906d5400b19b79",
                            "instance_state": "running",
                            "instance_type": "t2.2xlarge",
                            "ipv6_addresses.#": "0",
                            "key_name": "20171101-awsprodkey",
                            "monitoring": "true",
                            "network_interface.#": "0",
                            "network_interface_id": "eni-1c17a0ac",
                            "primary_network_interface_id": "eni-1c17a0ac",
                            "private_dns": "ip-172-26-8-7.ec2.internal",
                            "private_ip": "172.26.8.7",
                            "public_dns": "",
                            "public_ip": "",
                            "root_block_device.#": "1",
                            "root_block_device.0.delete_on_termination": "false",
                            "root_block_device.0.iops": "300",
                            "root_block_device.0.volume_size": "100",
                            "root_block_device.0.volume_type": "gp2",
                            "security_groups.#": "0",
                            "source_dest_check": "false",
                            "subnet_id": "subnet-dd5fef96",
                            "tags.%": "3",
                            "tags.Environment": "PROD",
                            "tags.Name": "SOROCO_app_server_a",
                            "tags.Version": "1.0.0",
                            "tenancy": "default",
                            "volume_tags.%": "0",
                            "vpc_security_group_ids.#": "1",
                            "vpc_security_group_ids.469726812": "sg-76ae8c04"
                        },
                        "meta": {
                            "e2bfb730-ecaa-11e6-8f88-34363bc7c4c0": {
                                "create": 600000000000,
                                "delete": 600000000000,
                                "update": 600000000000
                            },
                            "schema_version": "1"
                        },
                        "tainted": false
                    },
                    "deposed": [],
                    "provider": ""
                },
                "aws_instance.ec2_app2": {
                    "type": "aws_instance",
                    "depends_on": [
                        "aws_iam_instance_profile.default_iam_instance_profile",
                        "aws_security_group.sg_application",
                        "aws_subnet.subnet_private_application2"
                    ],
                    "primary": {
                        "id": "i-02418633df274183e",
                        "attributes": {
                            "ami": "ami-c998b6b2",
                            "associate_public_ip_address": "false",
                            "availability_zone": "us-east-1b",
                            "disable_api_termination": "false",
                            "ebs_block_device.#": "0",
                            "ebs_optimized": "false",
                            "ephemeral_block_device.#": "0",
                            "iam_instance_profile": "SOROCO_default_iam_instance_profile_us-east-1",
                            "id": "i-02418633df274183e",
                            "instance_state": "running",
                            "instance_type": "t2.2xlarge",
                            "ipv6_addresses.#": "0",
                            "key_name": "20171101-awsprodkey",
                            "monitoring": "true",
                            "network_interface.#": "0",
                            "network_interface_id": "eni-5ec4cce9",
                            "primary_network_interface_id": "eni-5ec4cce9",
                            "private_dns": "ip-172-26-8-43.ec2.internal",
                            "private_ip": "172.26.8.43",
                            "public_dns": "",
                            "public_ip": "",
                            "root_block_device.#": "1",
                            "root_block_device.0.delete_on_termination": "false",
                            "root_block_device.0.iops": "300",
                            "root_block_device.0.volume_size": "100",
                            "root_block_device.0.volume_type": "gp2",
                            "security_groups.#": "0",
                            "source_dest_check": "false",
                            "subnet_id": "subnet-22dd367f",
                            "tags.%": "3",
                            "tags.Environment": "PROD",
                            "tags.Name": "SOROCO_app_server_b",
                            "tags.Version": "1.0.0",
                            "tenancy": "default",
                            "volume_tags.%": "0",
                            "vpc_security_group_ids.#": "1",
                            "vpc_security_group_ids.469726812": "sg-76ae8c04"
                        },
                        "meta": {
                            "e2bfb730-ecaa-11e6-8f88-34363bc7c4c0": {
                                "create": 600000000000,
                                "delete": 600000000000,
                                "update": 600000000000
                            },
                            "schema_version": "1"
                        },
                        "tainted": false
                    },
                    "deposed": [],
                    "provider": ""
                },
                "aws_instance.ec2_bastion": {
                    "type": "aws_instance",
                    "depends_on": [
                        "aws_iam_instance_profile.default_iam_instance_profile",
                        "aws_security_group.sg_bastion",
                        "aws_subnet.subnet_public_dmz"
                    ],
                    "primary": {
                        "id": "i-013d126ad485a62c9",
                        "attributes": {
                            "ami": "ami-5e8c9625",
                            "associate_public_ip_address": "true",
                            "availability_zone": "us-east-1a",
                            "disable_api_termination": "false",
                            "ebs_block_device.#": "0",
                            "ebs_optimized": "false",
                            "ephemeral_block_device.#": "0",
                            "iam_instance_profile": "SOROCO_default_iam_instance_profile_us-east-1",
                            "id": "i-013d126ad485a62c9",
                            "instance_state": "running",
                            "instance_type": "t2.micro",
                            "ipv6_addresses.#": "0",
                            "key_name": "20171101-awsprodkey",
                            "monitoring": "true",
                            "network_interface.#": "0",
                            "network_interface_id": "eni-8d289f3d",
                            "primary_network_interface_id": "eni-8d289f3d",
                            "private_dns": "ip-172-26-8-139.ec2.internal",
                            "private_ip": "172.26.8.139",
                            "public_dns": "ec2-54-164-175-131.compute-1.amazonaws.com",
                            "public_ip": "54.164.175.131",
                            "root_block_device.#": "1",
                            "root_block_device.0.delete_on_termination": "true",
                            "root_block_device.0.iops": "100",
                            "root_block_device.0.volume_size": "10",
                            "root_block_device.0.volume_type": "gp2",
                            "security_groups.#": "0",
                            "source_dest_check": "false",
                            "subnet_id": "subnet-0d58e846",
                            "tags.%": "3",
                            "tags.Environment": "PROD",
                            "tags.Name": "SOROCO_bastion_server",
                            "tags.Version": "1.0.0",
                            "tenancy": "default",
                            "volume_tags.%": "0",
                            "vpc_security_group_ids.#": "1",
                            "vpc_security_group_ids.450590889": "sg-e5a48697"
                        },
                        "meta": {
                            "e2bfb730-ecaa-11e6-8f88-34363bc7c4c0": {
                                "create": 600000000000,
                                "delete": 600000000000,
                                "update": 600000000000
                            },
                            "schema_version": "1"
                        },
                        "tainted": false
                    },
                    "deposed": [],
                    "provider": ""
                },
                "aws_internet_gateway.igw_blaze": {
                    "type": "aws_internet_gateway",
                    "depends_on": [
                        "aws_vpc.vpc_blaze"
                    ],
                    "primary": {
                        "id": "igw-35c3714c",
                        "attributes": {
                            "id": "igw-35c3714c",
                            "tags.%": "3",
                            "tags.Environment": "PROD",
                            "tags.Name": "SOROCO_igw",
                            "tags.Version": "1.0.0",
                            "vpc_id": "vpc-bde148c5"
                        },
                        "meta": {},
                        "tainted": false
                    },
                    "deposed": [],
                    "provider": ""
                },
                "aws_nat_gateway.nat_gateway_a": {
                    "type": "aws_nat_gateway",
                    "depends_on": [
                        "aws_eip.elastic_ip_nat_gw",
                        "aws_internet_gateway.igw_blaze",
                        "aws_subnet.subnet_public_dmz"
                    ],
                    "primary": {
                        "id": "nat-0337fe30ee03d0d0a",
                        "attributes": {
                            "allocation_id": "eipalloc-31510004",
                            "id": "nat-0337fe30ee03d0d0a",
                            "network_interface_id": "eni-562f98e6",
                            "private_ip": "172.26.8.132",
                            "public_ip": "34.224.34.87",
                            "subnet_id": "subnet-0d58e846",
                            "tags.%": "3",
                            "tags.Environment": "PROD",
                            "tags.Name": "SOROCO_nat_gw",
                            "tags.Version": "1.0.0"
                        },
                        "meta": {},
                        "tainted": false
                    },
                    "deposed": [],
                    "provider": ""
                },
                "aws_route_table.rt_igw": {
                    "type": "aws_route_table",
                    "depends_on": [
                        "aws_internet_gateway.igw_blaze",
                        "aws_vpc.vpc_blaze"
                    ],
                    "primary": {
                        "id": "rtb-84307cfe",
                        "attributes": {
                            "id": "rtb-84307cfe",
                            "propagating_vgws.#": "0",
                            "route.#": "1",
                            "route.2970144339.cidr_block": "0.0.0.0/0",
                            "route.2970144339.egress_only_gateway_id": "",
                            "route.2970144339.gateway_id": "igw-35c3714c",
                            "route.2970144339.instance_id": "",
                            "route.2970144339.ipv6_cidr_block": "",
                            "route.2970144339.nat_gateway_id": "",
                            "route.2970144339.network_interface_id": "",
                            "route.2970144339.vpc_peering_connection_id": "",
                            "tags.%": "3",
                            "tags.Environment": "PROD",
                            "tags.Name": "SOROCO_rt_igw",
                            "tags.Version": "1.0.0",
                            "vpc_id": "vpc-bde148c5"
                        },
                        "meta": {},
                        "tainted": false
                    },
                    "deposed": [],
                    "provider": ""
                },
                "aws_route_table.rt_nat_gw": {
                    "type": "aws_route_table",
                    "depends_on": [
                        "aws_nat_gateway.nat_gateway_a",
                        "aws_vpc.vpc_blaze"
                    ],
                    "primary": {
                        "id": "rtb-8c4d01f6",
                        "attributes": {
                            "id": "rtb-8c4d01f6",
                            "propagating_vgws.#": "0",
                            "route.#": "1",
                            "route.4085174082.cidr_block": "0.0.0.0/0",
                            "route.4085174082.egress_only_gateway_id": "",
                            "route.4085174082.gateway_id": "",
                            "route.4085174082.instance_id": "",
                            "route.4085174082.ipv6_cidr_block": "",
                            "route.4085174082.nat_gateway_id": "nat-0337fe30ee03d0d0a",
                            "route.4085174082.network_interface_id": "",
                            "route.4085174082.vpc_peering_connection_id": "",
                            "tags.%": "3",
                            "tags.Environment": "PROD",
                            "tags.Name": "SOROCO_rt_nat_a",
                            "tags.Version": "1.0.0",
                            "vpc_id": "vpc-bde148c5"
                        },
                        "meta": {},
                        "tainted": false
                    },
                    "deposed": [],
                    "provider": ""
                },
                "aws_route_table.rt_rds": {
                    "type": "aws_route_table",
                    "depends_on": [
                        "aws_vpc.vpc_blaze"
                    ],
                    "primary": {
                        "id": "rtb-8b4d01f1",
                        "attributes": {
                            "id": "rtb-8b4d01f1",
                            "propagating_vgws.#": "0",
                            "route.#": "0",
                            "tags.%": "3",
                            "tags.Environment": "PROD",
                            "tags.Name": "SOROCO_rt_rds",
                            "tags.Version": "1.0.0",
                            "vpc_id": "vpc-bde148c5"
                        },
                        "meta": {},
                        "tainted": false
                    },
                    "deposed": [],
                    "provider": ""
                },
                "aws_route_table_association.rta_igw": {
                    "type": "aws_route_table_association",
                    "depends_on": [
                        "aws_route_table.rt_igw",
                        "aws_subnet.subnet_public_dmz"
                    ],
                    "primary": {
                        "id": "rtbassoc-a5c66dd8",
                        "attributes": {
                            "id": "rtbassoc-a5c66dd8",
                            "route_table_id": "rtb-84307cfe",
                            "subnet_id": "subnet-0d58e846"
                        },
                        "meta": {},
                        "tainted": false
                    },
                    "deposed": [],
                    "provider": ""
                },
                "aws_route_table_association.rta_igw1": {
                    "type": "aws_route_table_association",
                    "depends_on": [
                        "aws_route_table.rt_igw",
                        "aws_subnet.subnet_public_dmz2"
                    ],
                    "primary": {
                        "id": "rtbassoc-b2c46fcf",
                        "attributes": {
                            "id": "rtbassoc-b2c46fcf",
                            "route_table_id": "rtb-84307cfe",
                            "subnet_id": "subnet-2929c274"
                        },
                        "meta": {},
                        "tainted": false
                    },
                    "deposed": [],
                    "provider": ""
                },
                "aws_route_table_association.rta_nat_gw_a": {
                    "type": "aws_route_table_association",
                    "depends_on": [
                        "aws_route_table.rt_nat_gw",
                        "aws_subnet.subnet_private_application1"
                    ],
                    "primary": {
                        "id": "rtbassoc-d7c76caa",
                        "attributes": {
                            "id": "rtbassoc-d7c76caa",
                            "route_table_id": "rtb-8c4d01f6",
                            "subnet_id": "subnet-dd5fef96"
                        },
                        "meta": {},
                        "tainted": false
                    },
                    "deposed": [],
                    "provider": ""
                },
                "aws_route_table_association.rta_nat_gw_a1": {
                    "type": "aws_route_table_association",
                    "depends_on": [
                        "aws_route_table.rt_nat_gw",
                        "aws_subnet.subnet_private_application2"
                    ],
                    "primary": {
                        "id": "rtbassoc-46c06b3b",
                        "attributes": {
                            "id": "rtbassoc-46c06b3b",
                            "route_table_id": "rtb-8c4d01f6",
                            "subnet_id": "subnet-22dd367f"
                        },
                        "meta": {},
                        "tainted": false
                    },
                    "deposed": [],
                    "provider": ""
                },
                "aws_route_table_association.rta_rds_b": {
                    "type": "aws_route_table_association",
                    "depends_on": [
                        "aws_route_table.rt_rds",
                        "aws_subnet.subnet_private_postgresql1"
                    ],
                    "primary": {
                        "id": "rtbassoc-b3c368ce",
                        "attributes": {
                            "id": "rtbassoc-b3c368ce",
                            "route_table_id": "rtb-8b4d01f1",
                            "subnet_id": "subnet-bc50e0f7"
                        },
                        "meta": {},
                        "tainted": false
                    },
                    "deposed": [],
                    "provider": ""
                },
                "aws_route_table_association.rta_rds_b1": {
                    "type": "aws_route_table_association",
                    "depends_on": [
                        "aws_route_table.rt_rds",
                        "aws_subnet.subnet_private_postgresql2"
                    ],
                    "primary": {
                        "id": "rtbassoc-6dc66d10",
                        "attributes": {
                            "id": "rtbassoc-6dc66d10",
                            "route_table_id": "rtb-8b4d01f1",
                            "subnet_id": "subnet-3129c26c"
                        },
                        "meta": {},
                        "tainted": false
                    },
                    "deposed": [],
                    "provider": ""
                },
                "aws_s3_bucket.elb_logging_bucket": {
                    "type": "aws_s3_bucket",
                    "depends_on": [
                        "data.template_file.tpl_s3_elb_logging_policy"
                    ],
                    "primary": {
                        "id": "us-east-1-soroco-elb-logging-bucket",
                        "attributes": {
                            "acceleration_status": "",
                            "acl": "log-delivery-write",
                            "arn": "arn:aws:s3:::us-east-1-soroco-elb-logging-bucket",
                            "bucket": "us-east-1-soroco-elb-logging-bucket",
                            "bucket_domain_name": "us-east-1-soroco-elb-logging-bucket.s3.amazonaws.com",
                            "force_destroy": "true",
                            "hosted_zone_id": "Z3AQBSTGFYJSTF",
                            "id": "us-east-1-soroco-elb-logging-bucket",
                            "logging.#": "0",
                            "policy": "{\"Id\":\"Policy565960631719\",\"Statement\":[{\"Action\":\"s3:PutObject\",\"Effect\":\"Allow\",\"Principal\":{\"AWS\":\"arn:aws:iam::127311923021:root\"},\"Resource\":\"arn:aws:s3:::us-east-1-soroco-elb-logging-bucket/ELB/APP/AWSLogs/215268188550/*\",\"Sid\":\"Stmt565960631791\"}],\"Version\":\"2012-10-17\"}",
                            "region": "us-east-1",
                            "request_payer": "BucketOwner",
                            "tags.%": "2",
                            "tags.Environment": "PROD",
                            "tags.Name": "elb_logging_bucket_SOROCO",
                            "versioning.#": "1",
                            "versioning.0.enabled": "false",
                            "versioning.0.mfa_delete": "false",
                            "website.#": "0"
                        },
                        "meta": {},
                        "tainted": false
                    },
                    "deposed": [],
                    "provider": ""
                },
                "aws_security_group.sg_application": {
                    "type": "aws_security_group",
                    "depends_on": [
                        "aws_security_group.sg_bastion",
                        "aws_security_group.sg_elb",
                        "aws_vpc.vpc_blaze"
                    ],
                    "primary": {
                        "id": "sg-76ae8c04",
                        "attributes": {
                            "description": "Allows HTTP/HTTPS traffic to the APP from ELB",
                            "egress.#": "1",
                            "egress.482069346.cidr_blocks.#": "1",
                            "egress.482069346.cidr_blocks.0": "0.0.0.0/0",
                            "egress.482069346.description": "",
                            "egress.482069346.from_port": "0",
                            "egress.482069346.ipv6_cidr_blocks.#": "0",
                            "egress.482069346.prefix_list_ids.#": "0",
                            "egress.482069346.protocol": "-1",
                            "egress.482069346.security_groups.#": "0",
                            "egress.482069346.self": "false",
                            "egress.482069346.to_port": "0",
                            "id": "sg-76ae8c04",
                            "ingress.#": "2",
                            "ingress.1711200566.cidr_blocks.#": "0",
                            "ingress.1711200566.description": "",
                            "ingress.1711200566.from_port": "22",
                            "ingress.1711200566.ipv6_cidr_blocks.#": "0",
                            "ingress.1711200566.protocol": "tcp",
                            "ingress.1711200566.security_groups.#": "1",
                            "ingress.1711200566.security_groups.450590889": "sg-e5a48697",
                            "ingress.1711200566.self": "false",
                            "ingress.1711200566.to_port": "22",
                            "ingress.2558593626.cidr_blocks.#": "0",
                            "ingress.2558593626.description": "",
                            "ingress.2558593626.from_port": "80",
                            "ingress.2558593626.ipv6_cidr_blocks.#": "0",
                            "ingress.2558593626.protocol": "tcp",
                            "ingress.2558593626.security_groups.#": "1",
                            "ingress.2558593626.security_groups.3951158924": "sg-c3ac8eb1",
                            "ingress.2558593626.self": "false",
                            "ingress.2558593626.to_port": "80",
                            "name": "SOROCO_sg_app",
                            "owner_id": "215268188550",
                            "revoke_rules_on_delete": "false",
                            "tags.%": "3",
                            "tags.Environment": "PROD",
                            "tags.Name": "SOROCO_sg_app",
                            "tags.Version": "1.0.0",
                            "vpc_id": "vpc-bde148c5"
                        },
                        "meta": {
                            "schema_version": "1"
                        },
                        "tainted": false
                    },
                    "deposed": [],
                    "provider": ""
                },
                "aws_security_group.sg_bastion": {
                    "type": "aws_security_group",
                    "depends_on": [
                        "aws_vpc.vpc_blaze"
                    ],
                    "primary": {
                        "id": "sg-e5a48697",
                        "attributes": {
                            "description": "Allows SSH traffic to the Bastion",
                            "egress.#": "1",
                            "egress.482069346.cidr_blocks.#": "1",
                            "egress.482069346.cidr_blocks.0": "0.0.0.0/0",
                            "egress.482069346.description": "",
                            "egress.482069346.from_port": "0",
                            "egress.482069346.ipv6_cidr_blocks.#": "0",
                            "egress.482069346.prefix_list_ids.#": "0",
                            "egress.482069346.protocol": "-1",
                            "egress.482069346.security_groups.#": "0",
                            "egress.482069346.self": "false",
                            "egress.482069346.to_port": "0",
                            "id": "sg-e5a48697",
                            "ingress.#": "1",
                            "ingress.1523787256.cidr_blocks.#": "2",
                            "ingress.1523787256.cidr_blocks.0": "183.87.61.58/32",
                            "ingress.1523787256.cidr_blocks.1": "219.65.95.10/32",
                            "ingress.1523787256.description": "",
                            "ingress.1523787256.from_port": "22",
                            "ingress.1523787256.ipv6_cidr_blocks.#": "0",
                            "ingress.1523787256.protocol": "tcp",
                            "ingress.1523787256.security_groups.#": "0",
                            "ingress.1523787256.self": "false",
                            "ingress.1523787256.to_port": "22",
                            "name": "PROD_sg_bastion",
                            "owner_id": "215268188550",
                            "revoke_rules_on_delete": "false",
                            "tags.%": "3",
                            "tags.Environment": "PROD",
                            "tags.Name": "SOROCO_sg_bastion",
                            "tags.Version": "1.0.0",
                            "vpc_id": "vpc-bde148c5"
                        },
                        "meta": {
                            "schema_version": "1"
                        },
                        "tainted": false
                    },
                    "deposed": [],
                    "provider": ""
                },
                "aws_security_group.sg_elb": {
                    "type": "aws_security_group",
                    "depends_on": [
                        "aws_vpc.vpc_blaze"
                    ],
                    "primary": {
                        "id": "sg-c3ac8eb1",
                        "attributes": {
                            "description": "Allows HTTPS traffic to the elb",
                            "egress.#": "1",
                            "egress.482069346.cidr_blocks.#": "1",
                            "egress.482069346.cidr_blocks.0": "0.0.0.0/0",
                            "egress.482069346.description": "",
                            "egress.482069346.from_port": "0",
                            "egress.482069346.ipv6_cidr_blocks.#": "0",
                            "egress.482069346.prefix_list_ids.#": "0",
                            "egress.482069346.protocol": "-1",
                            "egress.482069346.security_groups.#": "0",
                            "egress.482069346.self": "false",
                            "egress.482069346.to_port": "0",
                            "id": "sg-c3ac8eb1",
                            "ingress.#": "1",
                            "ingress.2617001939.cidr_blocks.#": "1",
                            "ingress.2617001939.cidr_blocks.0": "0.0.0.0/0",
                            "ingress.2617001939.description": "",
                            "ingress.2617001939.from_port": "443",
                            "ingress.2617001939.ipv6_cidr_blocks.#": "0",
                            "ingress.2617001939.protocol": "tcp",
                            "ingress.2617001939.security_groups.#": "0",
                            "ingress.2617001939.self": "false",
                            "ingress.2617001939.to_port": "443",
                            "name": "SOROCO_sg_elb",
                            "owner_id": "215268188550",
                            "revoke_rules_on_delete": "false",
                            "tags.%": "3",
                            "tags.Environment": "PROD",
                            "tags.Name": "SOROCO_sg_elb",
                            "tags.Version": "1.0.0",
                            "vpc_id": "vpc-bde148c5"
                        },
                        "meta": {
                            "schema_version": "1"
                        },
                        "tainted": false
                    },
                    "deposed": [],
                    "provider": ""
                },
                "aws_security_group.sg_postgresql": {
                    "type": "aws_security_group",
                    "depends_on": [
                        "aws_security_group.sg_application",
                        "aws_vpc.vpc_blaze"
                    ],
                    "primary": {
                        "id": "sg-dea684ac",
                        "attributes": {
                            "description": "Allows DB connection to the App",
                            "egress.#": "1",
                            "egress.482069346.cidr_blocks.#": "1",
                            "egress.482069346.cidr_blocks.0": "0.0.0.0/0",
                            "egress.482069346.description": "",
                            "egress.482069346.from_port": "0",
                            "egress.482069346.ipv6_cidr_blocks.#": "0",
                            "egress.482069346.prefix_list_ids.#": "0",
                            "egress.482069346.protocol": "-1",
                            "egress.482069346.security_groups.#": "0",
                            "egress.482069346.self": "false",
                            "egress.482069346.to_port": "0",
                            "id": "sg-dea684ac",
                            "ingress.#": "1",
                            "ingress.2063059401.cidr_blocks.#": "0",
                            "ingress.2063059401.description": "",
                            "ingress.2063059401.from_port": "5432",
                            "ingress.2063059401.ipv6_cidr_blocks.#": "0",
                            "ingress.2063059401.protocol": "tcp",
                            "ingress.2063059401.security_groups.#": "1",
                            "ingress.2063059401.security_groups.469726812": "sg-76ae8c04",
                            "ingress.2063059401.self": "false",
                            "ingress.2063059401.to_port": "5432",
                            "name": "SOROCO_sg_bastion",
                            "owner_id": "215268188550",
                            "revoke_rules_on_delete": "false",
                            "tags.%": "3",
                            "tags.Environment": "PROD",
                            "tags.Name": "SOROCO_sg_bastion",
                            "tags.Version": "1.0.0",
                            "vpc_id": "vpc-bde148c5"
                        },
                        "meta": {
                            "schema_version": "1"
                        },
                        "tainted": false
                    },
                    "deposed": [],
                    "provider": ""
                },
                "aws_subnet.subnet_private_application1": {
                    "type": "aws_subnet",
                    "depends_on": [
                        "aws_vpc.vpc_blaze"
                    ],
                    "primary": {
                        "id": "subnet-dd5fef96",
                        "attributes": {
                            "assign_ipv6_address_on_creation": "false",
                            "availability_zone": "us-east-1a",
                            "cidr_block": "172.26.8.0/27",
                            "id": "subnet-dd5fef96",
                            "map_public_ip_on_launch": "false",
                            "tags.%": "3",
                            "tags.Environment": "PROD",
                            "tags.Name": "SOROCO-application-1a",
                            "tags.Version": "1.0.0",
                            "vpc_id": "vpc-bde148c5"
                        },
                        "meta": {
                            "schema_version": "1"
                        },
                        "tainted": false
                    },
                    "deposed": [],
                    "provider": ""
                },
                "aws_subnet.subnet_private_application2": {
                    "type": "aws_subnet",
                    "depends_on": [
                        "aws_vpc.vpc_blaze"
                    ],
                    "primary": {
                        "id": "subnet-22dd367f",
                        "attributes": {
                            "assign_ipv6_address_on_creation": "false",
                            "availability_zone": "us-east-1b",
                            "cidr_block": "172.26.8.32/27",
                            "id": "subnet-22dd367f",
                            "map_public_ip_on_launch": "false",
                            "tags.%": "3",
                            "tags.Environment": "PROD",
                            "tags.Name": "SOROCO-application-1b",
                            "tags.Version": "1.0.0",
                            "vpc_id": "vpc-bde148c5"
                        },
                        "meta": {
                            "schema_version": "1"
                        },
                        "tainted": false
                    },
                    "deposed": [],
                    "provider": ""
                },
                "aws_subnet.subnet_private_postgresql1": {
                    "type": "aws_subnet",
                    "depends_on": [
                        "aws_vpc.vpc_blaze"
                    ],
                    "primary": {
                        "id": "subnet-bc50e0f7",
                        "attributes": {
                            "assign_ipv6_address_on_creation": "false",
                            "availability_zone": "us-east-1a",
                            "cidr_block": "172.26.8.64/27",
                            "id": "subnet-bc50e0f7",
                            "map_public_ip_on_launch": "false",
                            "tags.%": "3",
                            "tags.Environment": "PROD",
                            "tags.Name": "SOROCO-postgresql-1a",
                            "tags.Version": "1.0.0",
                            "vpc_id": "vpc-bde148c5"
                        },
                        "meta": {
                            "schema_version": "1"
                        },
                        "tainted": false
                    },
                    "deposed": [],
                    "provider": ""
                },
                "aws_subnet.subnet_private_postgresql2": {
                    "type": "aws_subnet",
                    "depends_on": [
                        "aws_vpc.vpc_blaze"
                    ],
                    "primary": {
                        "id": "subnet-3129c26c",
                        "attributes": {
                            "assign_ipv6_address_on_creation": "false",
                            "availability_zone": "us-east-1b",
                            "cidr_block": "172.26.8.96/27",
                            "id": "subnet-3129c26c",
                            "map_public_ip_on_launch": "false",
                            "tags.%": "3",
                            "tags.Environment": "PROD",
                            "tags.Name": "SOROCO-postgresql-1b",
                            "tags.Version": "1.0.0",
                            "vpc_id": "vpc-bde148c5"
                        },
                        "meta": {
                            "schema_version": "1"
                        },
                        "tainted": false
                    },
                    "deposed": [],
                    "provider": ""
                },
                "aws_subnet.subnet_public_dmz": {
                    "type": "aws_subnet",
                    "depends_on": [
                        "aws_vpc.vpc_blaze"
                    ],
                    "primary": {
                        "id": "subnet-0d58e846",
                        "attributes": {
                            "assign_ipv6_address_on_creation": "false",
                            "availability_zone": "us-east-1a",
                            "cidr_block": "172.26.8.128/28",
                            "id": "subnet-0d58e846",
                            "map_public_ip_on_launch": "true",
                            "tags.%": "3",
                            "tags.Environment": "PROD",
                            "tags.Name": "SOROCO-Public-1a",
                            "tags.Version": "1.0.0",
                            "vpc_id": "vpc-bde148c5"
                        },
                        "meta": {
                            "schema_version": "1"
                        },
                        "tainted": false
                    },
                    "deposed": [],
                    "provider": ""
                },
                "aws_subnet.subnet_public_dmz2": {
                    "type": "aws_subnet",
                    "depends_on": [
                        "aws_vpc.vpc_blaze"
                    ],
                    "primary": {
                        "id": "subnet-2929c274",
                        "attributes": {
                            "assign_ipv6_address_on_creation": "false",
                            "availability_zone": "us-east-1b",
                            "cidr_block": "172.26.8.144/28",
                            "id": "subnet-2929c274",
                            "map_public_ip_on_launch": "true",
                            "tags.%": "3",
                            "tags.Environment": "PROD",
                            "tags.Name": "SOROCO-Public-1b",
                            "tags.Version": "1.0.0",
                            "vpc_id": "vpc-bde148c5"
                        },
                        "meta": {
                            "schema_version": "1"
                        },
                        "tainted": false
                    },
                    "deposed": [],
                    "provider": ""
                },
                "aws_vpc.vpc_blaze": {
                    "type": "aws_vpc",
                    "depends_on": [],
                    "primary": {
                        "id": "vpc-bde148c5",
                        "attributes": {
                            "assign_generated_ipv6_cidr_block": "false",
                            "cidr_block": "172.26.8.0/24",
                            "default_network_acl_id": "acl-56a08d2e",
                            "default_route_table_id": "rtb-704c000a",
                            "default_security_group_id": "sg-55a48627",
                            "dhcp_options_id": "dopt-a5df7cc2",
                            "enable_classiclink": "false",
                            "enable_classiclink_dns_support": "false",
                            "enable_dns_hostnames": "true",
                            "enable_dns_support": "true",
                            "id": "vpc-bde148c5",
                            "instance_tenancy": "default",
                            "main_route_table_id": "rtb-704c000a",
                            "tags.%": "3",
                            "tags.Environment": "PROD",
                            "tags.Name": "SOROCO_vpc",
                            "tags.Version": "1.0.0"
                        },
                        "meta": {
                            "schema_version": "1"
                        },
                        "tainted": false
                    },
                    "deposed": [],
                    "provider": ""
                },
                "data.template_file.tpl_s3_elb_logging_policy": {
                    "type": "template_file",
                    "depends_on": [],
                    "primary": {
                        "id": "ba208dc3862fd89aa391cd77b26f604293357f8ec02c1a34820d07cd1be58c0a",
                        "attributes": {
                            "id": "ba208dc3862fd89aa391cd77b26f604293357f8ec02c1a34820d07cd1be58c0a",
                            "rendered": "{\n    \"Id\":\"Policy565960631719\",\n    \"Statement\":\n    [\n\n        {\n            \"Action\":\"s3:PutObject\",\n            \"Effect\":\"Allow\",\n            \"Principal\":\n            {\n                \"AWS\":\"arn:aws:iam::127311923021:root\"\n            },\n            \"Resource\":\n            [\n                \"arn:aws:s3:::us-east-1-soroco-elb-logging-bucket/ELB/APP/AWSLogs/215268188550/*\"\n            ],\n            \"Sid\":\"Stmt565960631791\"\n        }\n    ],\n    \"Version\":\"2012-10-17\"\n}\n\n",
                            "template": "{\n    \"Id\":\"Policy565960631719\",\n    \"Statement\":\n    [\n\n        {\n            \"Action\":\"s3:PutObject\",\n            \"Effect\":\"Allow\",\n            \"Principal\":\n            {\n                \"AWS\":\"arn:aws:iam::${elb_account_number}:root\"\n            },\n            \"Resource\":\n            [\n                \"arn:aws:s3:::${elb_logging_bucket}/ELB/APP/AWSLogs/${aws_account_number}/*\"\n            ],\n            \"Sid\":\"Stmt565960631791\"\n        }\n    ],\n    \"Version\":\"2012-10-17\"\n}\n\n",
                            "vars.%": "3",
                            "vars.aws_account_number": "215268188550",
                            "vars.elb_account_number": "127311923021",
                            "vars.elb_logging_bucket": "us-east-1-soroco-elb-logging-bucket"
                        },
                        "meta": {},
                        "tainted": false
                    },
                    "deposed": [],
                    "provider": ""
                }
            },
            "depends_on": []
        }
    ]
}
